// !$*UTF8*$!
{
	archiveVersion = 1;
	classes = {
	};
	objectVersion = 50;
	objects = {

/* Begin PBXBuildFile section */
		235D4DA22137ACB8008555EF /* AppDelegate.swift in Sources */ = {isa = PBXBuildFile; fileRef = 235D4DA12137ACB8008555EF /* AppDelegate.swift */; };
		235D4DA42137ACB8008555EF /* GameScene.sks in Resources */ = {isa = PBXBuildFile; fileRef = 235D4DA32137ACB8008555EF /* GameScene.sks */; };
		235D4DA62137ACB8008555EF /* Actions.sks in Resources */ = {isa = PBXBuildFile; fileRef = 235D4DA52137ACB8008555EF /* Actions.sks */; };
		235D4DA82137ACB8008555EF /* GameScene.swift in Sources */ = {isa = PBXBuildFile; fileRef = 235D4DA72137ACB8008555EF /* GameScene.swift */; };
		235D4DAA2137ACB8008555EF /* GameViewController.swift in Sources */ = {isa = PBXBuildFile; fileRef = 235D4DA92137ACB8008555EF /* GameViewController.swift */; };
		235D4DAD2137ACB8008555EF /* Main.storyboard in Resources */ = {isa = PBXBuildFile; fileRef = 235D4DAB2137ACB8008555EF /* Main.storyboard */; };
		235D4DAF2137ACB9008555EF /* Assets.xcassets in Resources */ = {isa = PBXBuildFile; fileRef = 235D4DAE2137ACB9008555EF /* Assets.xcassets */; };
		235D4DB22137ACB9008555EF /* LaunchScreen.storyboard in Resources */ = {isa = PBXBuildFile; fileRef = 235D4DB02137ACB9008555EF /* LaunchScreen.storyboard */; };
/* End PBXBuildFile section */

/* Begin PBXFileReference section */
		235D4D9E2137ACB8008555EF /* SpaceInvaders.app */ = {isa = PBXFileReference; explicitFileType = wrapper.application; includeInIndex = 0; path = SpaceInvaders.app; sourceTree = BUILT_PRODUCTS_DIR; };
		235D4DA12137ACB8008555EF /* AppDelegate.swift */ = {isa = PBXFileReference; lastKnownFileType = sourcecode.swift; path = AppDelegate.swift; sourceTree = "<group>"; };
		235D4DA32137ACB8008555EF /* GameScene.sks */ = {isa = PBXFileReference; lastKnownFileType = file.sks; path = GameScene.sks; sourceTree = "<group>"; };
		235D4DA52137ACB8008555EF /* Actions.sks */ = {isa = PBXFileReference; lastKnownFileType = file.sks; path = Actions.sks; sourceTree = "<group>"; };
		235D4DA72137ACB8008555EF /* GameScene.swift */ = {isa = PBXFileReference; lastKnownFileType = sourcecode.swift; path = GameScene.swift; sourceTree = "<group>"; };
		235D4DA92137ACB8008555EF /* GameViewController.swift */ = {isa = PBXFileReference; lastKnownFileType = sourcecode.swift; path = GameViewController.swift; sourceTree = "<group>"; };
		235D4DAC2137ACB8008555EF /* Base */ = {isa = PBXFileReference; lastKnownFileType = file.storyboard; name = Base; path = Base.lproj/Main.storyboard; sourceTree = "<group>"; };
		235D4DAE2137ACB9008555EF /* Assets.xcassets */ = {isa = PBXFileReference; lastKnownFileType = folder.assetcatalog; path = Assets.xcassets; sourceTree = "<group>"; };
		235D4DB12137ACB9008555EF /* Base */ = {isa = PBXFileReference; lastKnownFileType = file.storyboard; name = Base; path = Base.lproj/LaunchScreen.storyboard; sourceTree = "<group>"; };
		235D4DB32137ACB9008555EF /* Info.plist */ = {isa = PBXFileReference; lastKnownFileType = text.plist.xml; path = Info.plist; sourceTree = "<group>"; };
/* End PBXFileReference section */

/* Begin PBXFrameworksBuildPhase section */
		235D4D9B2137ACB8008555EF /* Frameworks */ = {
			isa = PBXFrameworksBuildPhase;
			buildActionMask = 2147483647;
			files = (
			);
			runOnlyForDeploymentPostprocessing = 0;
		};
/* End PBXFrameworksBuildPhase section */

/* Begin PBXGroup section */
		235D4D952137ACB8008555EF = {
			isa = PBXGroup;
			children = (
				235D4DA02137ACB8008555EF /* SpaceInvaders */,
				235D4D9F2137ACB8008555EF /* Products */,
			);
			sourceTree = "<group>";
		};
		235D4D9F2137ACB8008555EF /* Products */ = {
			isa = PBXGroup;
			children = (
				235D4D9E2137ACB8008555EF /* SpaceInvaders.app */,
			);
			name = Products;
			sourceTree = "<group>";
		};
		235D4DA02137ACB8008555EF /* SpaceInvaders */ = {
			isa = PBXGroup;
			children = (
				235D4DA12137ACB8008555EF /* AppDelegate.swift */,
				235D4DA32137ACB8008555EF /* GameScene.sks */,
				235D4DA52137ACB8008555EF /* Actions.sks */,
				235D4DA72137ACB8008555EF /* GameScene.swift */,
				235D4DA92137ACB8008555EF /* GameViewController.swift */,
				235D4DAB2137ACB8008555EF /* Main.storyboard */,
				235D4DAE2137ACB9008555EF /* Assets.xcassets */,
				235D4DB02137ACB9008555EF /* LaunchScreen.storyboard */,
				235D4DB32137ACB9008555EF /* Info.plist */,
			);
			path = SpaceInvaders;
			sourceTree = "<group>";
		};
/* End PBXGroup section */

/* Begin PBXNativeTarget section */
		235D4D9D2137ACB8008555EF /* SpaceInvaders */ = {
			isa = PBXNativeTarget;
			buildConfigurationList = 235D4DB62137ACB9008555EF /* Build configuration list for PBXNativeTarget "SpaceInvaders" */;
			buildPhases = (
				235D4D9A2137ACB8008555EF /* Sources */,
				235D4D9B2137ACB8008555EF /* Frameworks */,
				235D4D9C2137ACB8008555EF /* Resources */,
			);
			buildRules = (
			);
			dependencies = (
			);
			name = SpaceInvaders;
			productName = SpaceInvaders;
			productReference = 235D4D9E2137ACB8008555EF /* SpaceInvaders.app */;
			productType = "com.apple.product-type.application";
		};
/* End PBXNativeTarget section */

/* Begin PBXProject section */
		235D4D962137ACB8008555EF /* Project object */ = {
			isa = PBXProject;
			attributes = {
				LastSwiftUpdateCheck = 0940;
				LastUpgradeCheck = 0940;
				ORGANIZATIONNAME = "Saopaulo Act";
				TargetAttributes = {
					235D4D9D2137ACB8008555EF = {
						CreatedOnToolsVersion = 9.4.1;
					};
				};
			};
			buildConfigurationList = 235D4D992137ACB8008555EF /* Build configuration list for PBXProject "SpaceInvaders" */;
			compatibilityVersion = "Xcode 9.3";
			developmentRegion = en;
			hasScannedForEncodings = 0;
			knownRegions = (
				en,
				Base,
			);
			mainGroup = 235D4D952137ACB8008555EF;
			productRefGroup = 235D4D9F2137ACB8008555EF /* Products */;
			projectDirPath = "";
			projectRoot = "";
			targets = (
				235D4D9D2137ACB8008555EF /* SpaceInvaders */,
			);
		};
/* End PBXProject section */

/* Begin PBXResourcesBuildPhase section */
		235D4D9C2137ACB8008555EF /* Resources */ = {
			isa = PBXResourcesBuildPhase;
			buildActionMask = 2147483647;
			files = (
				235D4DAD2137ACB8008555EF /* Main.storyboard in Resources */,
				235D4DA42137ACB8008555EF /* GameScene.sks in Resources */,
				235D4DAF2137ACB9008555EF /* Assets.xcassets in Resources */,
				235D4DB22137ACB9008555EF /* LaunchScreen.storyboard in Resources */,
				235D4DA62137ACB8008555EF /* Actions.sks in Resources */,
			);
			runOnlyForDeploymentPostprocessing = 0;
		};
/* End PBXResourcesBuildPhase section */

/* Begin PBXSourcesBuildPhase section */
		235D4D9A2137ACB8008555EF /* Sources */ = {
			isa = PBXSourcesBuildPhase;
			buildActionMask = 2147483647;
			files = (
				235D4DA82137ACB8008555EF /* GameScene.swift in Sources */,
				235D4DAA2137ACB8008555EF /* GameViewController.swift in Sources */,
				235D4DA22137ACB8008555EF /* AppDelegate.swift in Sources */,
			);
			runOnlyForDeploymentPostprocessing = 0;
		};
/* End PBXSourcesBuildPhase section */

/* Begin PBXVariantGroup section */
		235D4DAB2137ACB8008555EF /* Main.storyboard */ = {
			isa = PBXVariantGroup;
			children = (
				235D4DAC2137ACB8008555EF /* Base */,
			);
			name = Main.storyboard;
			sourceTree = "<group>";
		};
		235D4DB02137ACB9008555EF /* LaunchScreen.storyboard */ = {
			isa = PBXVariantGroup;
			children = (
				235D4DB12137ACB9008555EF /* Base */,
			);
			name = LaunchScreen.storyboard;
			sourceTree = "<group>";
		};
/* End PBXVariantGroup section */

/* Begin XCBuildConfiguration section */
		235D4DB42137ACB9008555EF /* Debug */ = {
			isa = XCBuildConfiguration;
			buildSettings = {
				ALWAYS_SEARCH_USER_PATHS = NO;
				CLANG_ANALYZER_NONNULL = YES;
				CLANG_ANALYZER_NUMBER_OBJECT_CONVERSION = YES_AGGRESSIVE;
				CLANG_CXX_LANGUAGE_STANDARD = "gnu++14";
				CLANG_CXX_LIBRARY = "libc++";
				CLANG_ENABLE_MODULES = YES;
				CLANG_ENABLE_OBJC_ARC = YES;
				CLANG_ENABLE_OBJC_WEAK = YES;
				CLANG_WARN_BLOCK_CAPTURE_AUTORELEASING = YES;
				CLANG_WARN_BOOL_CONVERSION = YES;
				CLANG_WARN_COMMA = YES;
				CLANG_WARN_CONSTANT_CONVERSION = YES;
				CLANG_WARN_DEPRECATED_OBJC_IMPLEMENTATIONS = YES;
				CLANG_WARN_DIRECT_OBJC_ISA_USAGE = YES_ERROR;
				CLANG_WARN_DOCUMENTATION_COMMENTS = YES;
				CLANG_WARN_EMPTY_BODY = YES;
				CLANG_WARN_ENUM_CONVERSION = YES;
				CLANG_WARN_INFINITE_RECURSION = YES;
				CLANG_WARN_INT_CONVERSION = YES;
				CLANG_WARN_NON_LITERAL_NULL_CONVERSION = YES;
				CLANG_WARN_OBJC_IMPLICIT_RETAIN_SELF = YES;
				CLANG_WARN_OBJC_LITERAL_CONVERSION = YES;
				CLANG_WARN_OBJC_ROOT_CLASS = YES_ERROR;
				CLANG_WARN_RANGE_LOOP_ANALYSIS = YES;
				CLANG_WARN_STRICT_PROTOTYPES = YES;
				CLANG_WARN_SUSPICIOUS_MOVE = YES;
				CLANG_WARN_UNGUARDED_AVAILABILITY = YES_AGGRESSIVE;
				CLANG_WARN_UNREACHABLE_CODE = YES;
				CLANG_WARN__DUPLICATE_METHOD_MATCH = YES;
				CODE_SIGN_IDENTITY = "iPhone Developer";
				COPY_PHASE_STRIP = NO;
				DEBUG_INFORMATION_FORMAT = dwarf;
				ENABLE_STRICT_OBJC_MSGSEND = YES;
				ENABLE_TESTABILITY = YES;
				GCC_C_LANGUAGE_STANDARD = gnu11;
				GCC_DYNAMIC_NO_PIC = NO;
				GCC_NO_COMMON_BLOCKS = YES;
				GCC_OPTIMIZATION_LEVEL = 0;
				GCC_PREPROCESSOR_DEFINITIONS = (
					"DEBUG=1",
					"$(inherited)",
				);
				GCC_WARN_64_TO_32_BIT_CONVERSION = YES;
				GCC_WARN_ABOUT_RETURN_TYPE = YES_ERROR;
				GCC_WARN_UNDECLARED_SELECTOR = YES;
				GCC_WARN_UNINITIALIZED_AUTOS = YES_AGGRESSIVE;
				GCC_WARN_UNUSED_FUNCTION = YES;
				GCC_WARN_UNUSED_VARIABLE = YES;
				IPHONEOS_DEPLOYMENT_TARGET = 11.4;
				MTL_ENABLE_DEBUG_INFO = YES;
				ONLY_ACTIVE_ARCH = YES;
				SDKROOT = iphoneos;
				SWIFT_ACTIVE_COMPILATION_CONDITIONS = DEBUG;
				SWIFT_OPTIMIZATION_LEVEL = "-Onone";
			};
			name = Debug;
		};
		235D4DB52137ACB9008555EF /* Release */ = {
			isa = XCBuildConfiguration;
			buildSettings = {
				ALWAYS_SEARCH_USER_PATHS = NO;
				CLANG_ANALYZER_NONNULL = YES;
				CLANG_ANALYZER_NUMBER_OBJECT_CONVERSION = YES_AGGRESSIVE;
				CLANG_CXX_LANGUAGE_STANDARD = "gnu++14";
				CLANG_CXX_LIBRARY = "libc++";
				CLANG_ENABLE_MODULES = YES;
				CLANG_ENABLE_OBJC_ARC = YES;
				CLANG_ENABLE_OBJC_WEAK = YES;
				CLANG_WARN_BLOCK_CAPTURE_AUTORELEASING = YES;
				CLANG_WARN_BOOL_CONVERSION = YES;
				CLANG_WARN_COMMA = YES;
				CLANG_WARN_CONSTANT_CONVERSION = YES;
				CLANG_WARN_DEPRECATED_OBJC_IMPLEMENTATIONS = YES;
				CLANG_WARN_DIRECT_OBJC_ISA_USAGE = YES_ERROR;
				CLANG_WARN_DOCUMENTATION_COMMENTS = YES;
				CLANG_WARN_EMPTY_BODY = YES;
				CLANG_WARN_ENUM_CONVERSION = YES;
				CLANG_WARN_INFINITE_RECURSION = YES;
				CLANG_WARN_INT_CONVERSION = YES;
				CLANG_WARN_NON_LITERAL_NULL_CONVERSION = YES;
				CLANG_WARN_OBJC_IMPLICIT_RETAIN_SELF = YES;
				CLANG_WARN_OBJC_LITERAL_CONVERSION = YES;
				CLANG_WARN_OBJC_ROOT_CLASS = YES_ERROR;
				CLANG_WARN_RANGE_LOOP_ANALYSIS = YES;
				CLANG_WARN_STRICT_PROTOTYPES = YES;
				CLANG_WARN_SUSPICIOUS_MOVE = YES;
				CLANG_WARN_UNGUARDED_AVAILABILITY = YES_AGGRESSIVE;
				CLANG_WARN_UNREACHABLE_CODE = YES;
				CLANG_WARN__DUPLICATE_METHOD_MATCH = YES;
				CODE_SIGN_IDENTITY = "iPhone Developer";
				COPY_PHASE_STRIP = NO;
				DEBUG_INFORMATION_FORMAT = "dwarf-with-dsym";
				ENABLE_NS_ASSERTIONS = NO;
				ENABLE_STRICT_OBJC_MSGSEND = YES;
				GCC_C_LANGUAGE_STANDARD = gnu11;
				GCC_NO_COMMON_BLOCKS = YES;
				GCC_WARN_64_TO_32_BIT_CONVERSION = YES;
				GCC_WARN_ABOUT_RETURN_TYPE = YES_ERROR;
				GCC_WARN_UNDECLARED_SELECTOR = YES;
				GCC_WARN_UNINITIALIZED_AUTOS = YES_AGGRESSIVE;
				GCC_WARN_UNUSED_FUNCTION = YES;
				GCC_WARN_UNUSED_VARIABLE = YES;
				IPHONEOS_DEPLOYMENT_TARGET = 11.4;
				MTL_ENABLE_DEBUG_INFO = NO;
				SDKROOT = iphoneos;
				SWIFT_COMPILATION_MODE = wholemodule;
				SWIFT_OPTIMIZATION_LEVEL = "-O";
				VALIDATE_PRODUCT = YES;
			};
			name = Release;
		};
		235D4DB72137ACB9008555EF /* Debug */ = {
			isa = XCBuildConfiguration;
			buildSettings = {
				ASSETCATALOG_COMPILER_APPICON_NAME = AppIcon;
				CODE_SIGN_STYLE = Automatic;
				INFOPLIST_FILE = SpaceInvaders/Info.plist;
				LD_RUNPATH_SEARCH_PATHS = (
					"$(inherited)",
					"@executable_path/Frameworks",
				);
				PRODUCT_BUNDLE_IDENTIFIER = com.act.SpaceInvaders;
				PRODUCT_NAME = "$(TARGET_NAME)";
				SWIFT_VERSION = 4.0;
				TARGETED_DEVICE_FAMILY = "1,2";
			};
			name = Debug;
		};
		235D4DB82137ACB9008555EF /* Release */ = {
			isa = XCBuildConfiguration;
			buildSettings = {
				ASSETCATALOG_COMPILER_APPICON_NAME = AppIcon;
				CODE_SIGN_STYLE = Automatic;
				INFOPLIST_FILE = SpaceInvaders/Info.plist;
				LD_RUNPATH_SEARCH_PATHS = (
					"$(inherited)",
					"@executable_path/Frameworks",
				);
				PRODUCT_BUNDLE_IDENTIFIER = com.act.SpaceInvaders;
				PRODUCT_NAME = "$(TARGET_NAME)";
				SWIFT_VERSION = 4.0;
				TARGETED_DEVICE_FAMILY = "1,2";
			};
			name = Release;
		};
/* End XCBuildConfiguration section */

/* Begin XCConfigurationList section */
		235D4D992137ACB8008555EF /* Build configuration list for PBXProject "SpaceInvaders" */ = {
			isa = XCConfigurationList;
			buildConfigurations = (
				235D4DB42137ACB9008555EF /* Debug */,
				235D4DB52137ACB9008555EF /* Release */,
			);
			defaultConfigurationIsVisible = 0;
			defaultConfigurationName = Release;
		};
		235D4DB62137ACB9008555EF /* Build configuration list for PBXNativeTarget "SpaceInvaders" */ = {
			isa = XCConfigurationList;
			buildConfigurations = (
				235D4DB72137ACB9008555EF /* Debug */,
				235D4DB82137ACB9008555EF /* Release */,
			);
			defaultConfigurationIsVisible = 0;
			defaultConfigurationName = Release;
		};
/* End XCConfigurationList section */
	};
	rootObject = 235D4D962137ACB8008555EF /* Project object */;
}
